{
  "name": "usage-ping",
  "lockfileVersion": 3,
  "requires": true,
  "packages": {
    "": {
      "name": "usage-ping",
      "dependencies": {
        "@anthropic-ai/claude-code": "2.1.285"
      }
    },
    "node_modules/@anthropic-ai/claude-code": {
      "version": "2.1.285",
      "resolved": "https://registry.npmjs.org/@anthropic-ai/claude-code/-/claude-code-2.1.285.tgz",
      "integrity": "sha512-frr0DLmVHSDNjw+hC6ZmXMVQ8yH4nNmVcI4lVFzWt0bdPNZP7clOKsuLcqSdwQabIpe6A3NEc3TJfiBVD8B2Bg==",
      "hasInstallScript": true,
      "license": "SEE LICENSE IN README.md",
      "bin": {
        "claude": "bin/claude.exe"
      },
      "engines": {
        "node": ">=22.0.0"
      },
      "optionalDependencies": {
        "@anthropic-ai/claude-code-darwin-arm64": "2.1.285",
        "@anthropic-ai/claude-code-darwin-x64": "2.1.285",
        "@anthropic-ai/claude-code-linux-arm64": "2.1.285",
        "@anthropic-ai/claude-code-linux-arm64-musl": "2.1.285",
        "@anthropic-ai/claude-code-linux-x64": "2.1.285",
        "@anthropic-ai/claude-code-linux-x64-musl": "2.1.285",
        "@anthropic-ai/claude-code-win32-arm64": "2.1.285",
        "@anthropic-ai/claude-code-win32-x64": "2.1.285"
      }
    },
    "node_modules/@anthropic-ai/claude-code-darwin-arm64": {
      "version": "2.1.285",
      "resolved": "https://registry.npmjs.org/@anthropic-ai/claude-code-darwin-arm64/-/claude-code-darwin-arm64-2.1.285.tgz",
      "integrity": "sha512-82pac0p/rTdZvxSspGJsEdqELADhd5aR9AC6JRSJx8kx8q0ggHjOHSCEH/LZeufREACAZv13TcsOPs0AMAptCQ==",
      "cpu": [
        "arm64"
      ],
      "license": "SEE LICENSE IN LICENSE.md",
      "optional": true,
      "os": [
        "darwin"
      ]
    },
    "node_modules/@anthropic-ai/claude-code-darwin-x64": {
      "version": "2.1.285",
      "resolved": "https://registry.npmjs.org/@anthropic-ai/claude-code-darwin-x64/-/claude-code-darwin-x64-2.1.285.tgz",
      "integrity": "sha512-iCewQN1vqZSQ1JdvM4NLm6GhhiEjmvdOrJM/mJBxhe/sPpr8yvouC3hR29Jcap15otWilL4fZ97C02K1kcKP0w==",
      "cpu": [
        "x64"
      ],
      "license": "SEE LICENSE IN LICENSE.md",
      "optional": true,
      "os": [
        "darwin"
      ]
    },
    "node_modules/@anthropic-ai/claude-code-linux-arm64": {
      "version": "2.1.285",
      "resolved": "https://registry.npmjs.org/@anthropic-ai/claude-code-linux-arm64/-/claude-code-linux-arm64-2.1.285.tgz",
      "integrity": "sha512-vAvIr+MVnm5IrSq8KoJrZkoG3BFpLvVEqfrx15w7hWW+gcSYHPvN33lfkzXvs5L8MYXxNW0Ae86MLiCH+x4ldQ==",
      "cpu": [
        "arm64"
      ],
      "license": "SEE LICENSE IN LICENSE.md",
      "optional": true,
      "os": [
        "linux"
      ]
    },
    "node_modules/@anthropic-ai/claude-code-linux-arm64-musl": {
      "version": "2.1.285",
      "resolved": "https://registry.npmjs.org/@anthropic-ai/claude-code-linux-arm64-musl/-/claude-code-linux-arm64-musl-2.1.285.tgz",
      "integrity": "sha512-eBtArV+9Byq2h861MTGypb+GgPNo9aVlNve5IGJ73184l3JdfxHDeMJeSqJMD0ms+0p1LegFwSpaKSFUa1bQqA==",
      "cpu": [
        "arm64"
      ],
      "license": "SEE LICENSE IN LICENSE.md",
      "optional": true,
      "os": [
        "linux"
      ]
    },
    "node_modules/@anthropic-ai/claude-code-linux-x64": {
      "version": "2.1.285",
      "resolved": "https://registry.npmjs.org/@anthropic-ai/claude-code-linux-x64/-/claude-code-linux-x64-2.1.285.tgz",
      "integrity": "sha512-6qNST8qKemr+rD9zvUEwEq0UtWt0E5Js8bkbjh13/LM62FiGWcN6IqiJPxybJ2FNd+I3liXq6JYNv/vrGnmAow==",
      "cpu": [
        "x64"
      ],
      "license": "SEE LICENSE IN LICENSE.md",
      "optional": true,
      "os": [
        "linux"
      ]
    },
    "node_modules/@anthropic-ai/claude-code-linux-x64-musl": {
      "version": "2.1.285",
      "resolved": "https://registry.npmjs.org/@anthropic-ai/claude-code-linux-x64-musl/-/claude-code-linux-x64-musl-2.1.285.tgz",
      "integrity": "sha512-NxKFgUzT3YV45ILRa3CdMu8k5J8mCXxMAxt533HKrQDTLrckGOzBxWrQkezo4ouK7nYQJNfPtiRZYit4GSmN0Q==",
      "cpu": [
        "x64"
      ],
      "license": "SEE LICENSE IN LICENSE.md",
      "optional": true,
      "os": [
        "linux"
      ]
    },
    "node_modules/@anthropic-ai/claude-code-win32-arm64": {
      "version": "2.1.285",
      "resolved": "https://registry.npmjs.org/@anthropic-ai/claude-code-win32-arm64/-/claude-code-win32-arm64-2.1.285.tgz",
      "integrity": "sha512-Ojd9blZQHYwJ+D7q7JAKv9QcUmmHuHHifZch9S+K6O7cJxtwJ84eu20+5bc/x9ZiKKaf4gqy5zZ7WomUWK3d9w==",
      "cpu": [
        "arm64"
      ],
      "license": "SEE LICENSE IN LICENSE.md",
      "optional": true,
      "os": [
        "win32"
      ]
    },
    "node_modules/@anthropic-ai/claude-code-win32-x64": {
      "version": "2.1.285",
      "resolved": "https://registry.npmjs.org/@anthropic-ai/claude-code-win32-x64/-/claude-code-win32-x64-2.1.285.tgz",
      "integrity": "sha512-7TR0I2gOkYBADZlazRQERyP9WHCOKTZPPUSYzoxHP5EdHNvd9ZRYfIHJwydRfECpm6EYjGZ9goB/ACPJOMVdww==",
      "cpu": [
        "x64"
      ],
      "license": "SEE LICENSE IN LICENSE.md",
      "optional": true,
      "os": [
        "win32"
      ]
    }
  }
}
